
Microsoft Visual Studio Solution File, Format Version 12.00
# Visual Studio Version 17
VisualStudioVersion = 17.7.34009.444
MinimumVisualStudioVersion = 10.0.40219.1
Project("{9A19103F-16F7-4668-BE54-9A1E7A4F7556}") = "Email.Application", "Email.Application\Email.Application.csproj", "{BB873742-F03F-41C0-877B-8785274D05B7}"
EndProject
Project("{9A19103F-16F7-4668-BE54-9A1E7A4F7556}") = "Email.Domain", "Email.Domain\Email.Domain.csproj", "{325986BD-56E5-443C-8DC8-AEDEE19E15B8}"
EndProject
Project("{9A19103F-16F7-4668-BE54-9A1E7A4F7556}") = "Email.Infrastructure", "Email.Infrastructure\Email.Infrastructure.csproj", "{E8A7E92E-B912-4EA4-A9AD-24634D63539D}"
EndProject
Project("{9A19103F-16F7-4668-BE54-9A1E7A4F7556}") = "Email.Presentation", "Email.Presentation\Email.Presentation.csproj", "{2ACEE7B8-F10C-4F04-8EAA-21F17D4E5716}"
EndProject
Global
	GlobalSection(SolutionConfigurationPlatforms) = preSolution
		Debug|Any CPU = Debug|Any CPU
		Release|Any CPU = Release|Any CPU
	EndGlobalSection
	GlobalSection(ProjectConfigurationPlatforms) = postSolution
		{BB873742-F03F-41C0-877B-8785274D05B7}.Debug|Any CPU.ActiveCfg = Debug|Any CPU
		{BB873742-F03F-41C0-877B-8785274D05B7}.Debug|Any CPU.Build.0 = Debug|Any CPU
		{BB873742-F03F-41C0-877B-8785274D05B7}.Release|Any CPU.ActiveCfg = Release|Any CPU
		{BB873742-F03F-41C0-877B-8785274D05B7}.Release|Any CPU.Build.0 = Release|Any CPU
		{325986BD-56E5-443C-8DC8-AEDEE19E15B8}.Debug|Any CPU.ActiveCfg = Debug|Any CPU
		{325986BD-56E5-443C-8DC8-AEDEE19E15B8}.Debug|Any CPU.Build.0 = Debug|Any CPU
		{325986BD-56E5-443C-8DC8-AEDEE19E15B8}.Release|Any CPU.ActiveCfg = Release|Any CPU
		{325986BD-56E5-443C-8DC8-AEDEE19E15B8}.Release|Any CPU.Build.0 = Release|Any CPU
		{E8A7E92E-B912-4EA4-A9AD-24634D63539D}.Debug|Any CPU.ActiveCfg = Debug|Any CPU
		{E8A7E92E-B912-4EA4-A9AD-24634D63539D}.Debug|Any CPU.Build.0 = Debug|Any CPU
		{E8A7E92E-B912-4EA4-A9AD-24634D63539D}.Release|Any CPU.ActiveCfg = Release|Any CPU
		{E8A7E92E-B912-4EA4-A9AD-24634D63539D}.Release|Any CPU.Build.0 = Release|Any CPU
		{2ACEE7B8-F10C-4F04-8EAA-21F17D4E5716}.Debug|Any CPU.ActiveCfg = Debug|Any CPU
		{2ACEE7B8-F10C-4F04-8EAA-21F17D4E5716}.Debug|Any CPU.Build.0 = Debug|Any CPU
		{2ACEE7B8-F10C-4F04-8EAA-21F17D4E5716}.Release|Any CPU.ActiveCfg = Release|Any CPU
		{2ACEE7B8-F10C-4F04-8EAA-21F17D4E5716}.Release|Any CPU.Build.0 = Release|Any CPU
	EndGlobalSection
	GlobalSection(SolutionProperties) = preSolution
		HideSolutionNode = FALSE
	EndGlobalSection
	GlobalSection(ExtensibilityGlobals) = postSolution
		SolutionGuid = {44B9D1AA-A3AC-49C9-BDA2-81EE09D11E42}
	EndGlobalSection
EndGlobal
